
Microsoft Visual Studio Solution File, Format Version 12.00
# Visual Studio Version 17
VisualStudioVersion = 17.13.35825.156 d17.13
MinimumVisualStudioVersion = 10.0.40219.1
Project("{FAE04EC0-301F-11D3-BF4B-00C04F79EFBC}") = "tpmodul6_103022300022", "tpmodul6_103022300022\tpmodul6_103022300022.csproj", "{01DBCEF2-53A9-4428-95CB-9E8E1624004E}"
EndProject
Global
	GlobalSection(SolutionConfigurationPlatforms) = preSolution
		Debug|Any CPU = Debug|Any CPU
		Release|Any CPU = Release|Any CPU
	EndGlobalSection
	GlobalSection(ProjectConfigurationPlatforms) = postSolution
		{01DBCEF2-53A9-4428-95CB-9E8E1624004E}.Debug|Any CPU.ActiveCfg = Debug|Any CPU
		{01DBCEF2-53A9-4428-95CB-9E8E1624004E}.Debug|Any CPU.Build.0 = Debug|Any CPU
		{01DBCEF2-53A9-4428-95CB-9E8E1624004E}.Release|Any CPU.ActiveCfg = Release|Any CPU
		{01DBCEF2-53A9-4428-95CB-9E8E1624004E}.Release|Any CPU.Build.0 = Release|Any CPU
	EndGlobalSection
	GlobalSection(SolutionProperties) = preSolution
		HideSolutionNode = FALSE
	EndGlobalSection
	GlobalSection(ExtensibilityGlobals) = postSolution
		SolutionGuid = {9160993D-4B10-4A85-ACDE-6918B51F71AB}
	EndGlobalSection
EndGlobal
